
Microsoft Visual Studio Solution File, Format Version 12.00
# Visual Studio Version 17
VisualStudioVersion = 17.5.002.0
MinimumVisualStudioVersion = 10.0.40219.1
Project("{9A19103F-16F7-4668-BE54-9A1E7A4F7556}") = "Deserializer", "Deserializer.csproj", "{AD05E816-FB10-4DBE-909D-9B364D52E497}"
EndProject
Global
	GlobalSection(SolutionConfigurationPlatforms) = preSolution
		Debug|Any CPU = Debug|Any CPU
		Release|Any CPU = Release|Any CPU
	EndGlobalSection
	GlobalSection(ProjectConfigurationPlatforms) = postSolution
		{AD05E816-FB10-4DBE-909D-9B364D52E497}.Debug|Any CPU.ActiveCfg = Debug|Any CPU
		{AD05E816-FB10-4DBE-909D-9B364D52E497}.Debug|Any CPU.Build.0 = Debug|Any CPU
		{AD05E816-FB10-4DBE-909D-9B364D52E497}.Release|Any CPU.ActiveCfg = Release|Any CPU
		{AD05E816-FB10-4DBE-909D-9B364D52E497}.Release|Any CPU.Build.0 = Release|Any CPU
	EndGlobalSection
	GlobalSection(SolutionProperties) = preSolution
		HideSolutionNode = FALSE
	EndGlobalSection
	GlobalSection(ExtensibilityGlobals) = postSolution
		SolutionGuid = {821C2D75-A01A-4356-B489-49A564D1E256}
	EndGlobalSection
EndGlobal
